{
  "requires": true,
  "lockfileVersion": 1,
  "dependencies": {
    "@mdi/js": {
      "version": "7.0.96",
      "resolved": "https://registry.npmjs.org/@mdi/js/-/js-7.0.96.tgz",
      "integrity": "sha512-lNqhkV3cpPfYb/Avh+vXLFukUTbHbyHoFo4Jdc7Oc9UvURGVhamFIpgOVvEf2bNA78zvjXTZeVWExUTR+DLBfQ=="
    }
  }
}
