{
  "requires": true,
  "lockfileVersion": 1,
  "dependencies": {
    "moment": {
      "version": "2.29.4",
      "resolved": "https://registry.npmjs.org/moment/-/moment-2.29.4.tgz",
      "integrity": "sha512-5LC9SOxjSc2HF6vO2CyuTDNivEdoz2IvyJJGj6X8DJ0eFyfszE0QiEd+iXmBvUP3WHxSjFH/vIsA0EN00cgr8w=="
    },
    "vee-validate": {
      "version": "2.2.15",
      "resolved": "https://registry.npmjs.org/vee-validate/-/vee-validate-2.2.15.tgz",
      "integrity": "sha512-4TOsI8XwVkKVLkg8Nhmy+jyoJrR6XcTRDyxBarzcCvYzU61zamipS1WsB6FlDze8eJQpgglS4NXAS6o4NDPs1g=="
    },
    "vue-moment": {
      "version": "4.1.0",
      "resolved": "https://registry.npmjs.org/vue-moment/-/vue-moment-4.1.0.tgz",
      "integrity": "sha512-Gzisqpg82ItlrUyiD9d0Kfru+JorW2o4mQOH06lEDZNgxci0tv/fua1Hl0bo4DozDV2JK1r52Atn/8QVCu8qQw==",
      "requires": {
        "moment": "^2.19.2"
      }
    }
  }
}
